{
  "name": "temp4",
  "lockfileVersion": 2,
  "requires": true,
  "packages": {
    "": {
      "dependencies": {
        "animate.css": "^4.1.1",
        "darkmode-js": "^1.5.7"
      }
    },
    "node_modules/animate.css": {
      "version": "4.1.1",
      "resolved": "https://registry.npmjs.org/animate.css/-/animate.css-4.1.1.tgz",
      "integrity": "sha512-+mRmCTv6SbCmtYJCN4faJMNFVNN5EuCTTprDTAo7YzIGji2KADmakjVA3+8mVDkZ2Bf09vayB35lSQIex2+QaQ=="
    },
    "node_modules/darkmode-js": {
      "version": "1.5.7",
      "resolved": "https://registry.npmjs.org/darkmode-js/-/darkmode-js-1.5.7.tgz",
      "integrity": "sha512-gM1KhV/yy/84ZUpES9/oeOn0CVtuOi2HBd+Kccr4CJz+rFccQo2gUuPbjfyPXUx7t800Zf408G6kZb5rkTgjFA=="
    }
  },
  "dependencies": {
    "animate.css": {
      "version": "4.1.1",
      "resolved": "https://registry.npmjs.org/animate.css/-/animate.css-4.1.1.tgz",
      "integrity": "sha512-+mRmCTv6SbCmtYJCN4faJMNFVNN5EuCTTprDTAo7YzIGji2KADmakjVA3+8mVDkZ2Bf09vayB35lSQIex2+QaQ=="
    },
    "darkmode-js": {
      "version": "1.5.7",
      "resolved": "https://registry.npmjs.org/darkmode-js/-/darkmode-js-1.5.7.tgz",
      "integrity": "sha512-gM1KhV/yy/84ZUpES9/oeOn0CVtuOi2HBd+Kccr4CJz+rFccQo2gUuPbjfyPXUx7t800Zf408G6kZb5rkTgjFA=="
    }
  }
}
